// !$*UTF8*$!
{
	archiveVersion = 1;
	classes = {
	};
	objectVersion = 55;
	objects = {

/* Begin PBXBuildFile section */
		1B0CAFAA27A19538007CF2FD /* AppDelegate.swift in Sources */ = {isa = PBXBuildFile; fileRef = 1B0CAFA927A19538007CF2FD /* AppDelegate.swift */; };
		1B0CAFAC27A19538007CF2FD /* SceneDelegate.swift in Sources */ = {isa = PBXBuildFile; fileRef = 1B0CAFAB27A19538007CF2FD /* SceneDelegate.swift */; };
		1B0CAFAE27A19538007CF2FD /* ViewController.swift in Sources */ = {isa = PBXBuildFile; fileRef = 1B0CAFAD27A19538007CF2FD /* ViewController.swift */; };
		1B0CAFB127A19538007CF2FD /* Main.storyboard in Resources */ = {isa = PBXBuildFile; fileRef = 1B0CAFAF27A19538007CF2FD /* Main.storyboard */; };
		1B0CAFB327A1953D007CF2FD /* Assets.xcassets in Resources */ = {isa = PBXBuildFile; fileRef = 1B0CAFB227A1953D007CF2FD /* Assets.xcassets */; };
		1B0CAFB627A1953D007CF2FD /* LaunchScreen.storyboard in Resources */ = {isa = PBXBuildFile; fileRef = 1B0CAFB427A1953D007CF2FD /* LaunchScreen.storyboard */; };
		1B0CAFBE27A30394007CF2FD /* SendPostViewController.swift in Sources */ = {isa = PBXBuildFile; fileRef = 1B0CAFBD27A30394007CF2FD /* SendPostViewController.swift */; };
		1BBAD75627BA75840058DF7D /* FriendsListController.swift in Sources */ = {isa = PBXBuildFile; fileRef = 1BBAD75527BA75840058DF7D /* FriendsListController.swift */; };
		1BBAD75827BA931C0058DF7D /* FriendsXMLModel.swift in Sources */ = {isa = PBXBuildFile; fileRef = 1BBAD75727BA931C0058DF7D /* FriendsXMLModel.swift */; };
		1BBAD75B27BC07880058DF7D /* Model.xcdatamodeld in Sources */ = {isa = PBXBuildFile; fileRef = 1BBAD75927BC07880058DF7D /* Model.xcdatamodeld */; };
		1BBAD75E27BC07C60058DF7D /* Friend+CoreDataProperties.swift in Sources */ = {isa = PBXBuildFile; fileRef = 1BBAD75C27BC07C60058DF7D /* Friend+CoreDataProperties.swift */; };
		1BBAD75F27BC07C60058DF7D /* Friend+CoreDataClass.swift in Sources */ = {isa = PBXBuildFile; fileRef = 1BBAD75D27BC07C60058DF7D /* Friend+CoreDataClass.swift */; };
		1BFEC9BB27A5B896005C2FF5 /* URLQuery.swift in Sources */ = {isa = PBXBuildFile; fileRef = 1BFEC9BA27A5B896005C2FF5 /* URLQuery.swift */; };
		1BFEC9BD27A6D28A005C2FF5 /* PostViewController.swift in Sources */ = {isa = PBXBuildFile; fileRef = 1BFEC9BC27A6D28A005C2FF5 /* PostViewController.swift */; };
		1BFEC9BF27B17E43005C2FF5 /* Constants.swift in Sources */ = {isa = PBXBuildFile; fileRef = 1BFEC9BE27B17E42005C2FF5 /* Constants.swift */; };
		21F9B4B05F2F11099F96BCB5 /* Pods_LiruIos.framework in Frameworks */ = {isa = PBXBuildFile; fileRef = F4A928515DB829D5100F7BE1 /* Pods_LiruIos.framework */; };
/* End PBXBuildFile section */

/* Begin PBXFileReference section */
		1B0CAFA627A19538007CF2FD /* LiruIos.app */ = {isa = PBXFileReference; explicitFileType = wrapper.application; includeInIndex = 0; path = LiruIos.app; sourceTree = BUILT_PRODUCTS_DIR; };
		1B0CAFA927A19538007CF2FD /* AppDelegate.swift */ = {isa = PBXFileReference; lastKnownFileType = sourcecode.swift; path = AppDelegate.swift; sourceTree = "<group>"; };
		1B0CAFAB27A19538007CF2FD /* SceneDelegate.swift */ = {isa = PBXFileReference; lastKnownFileType = sourcecode.swift; path = SceneDelegate.swift; sourceTree = "<group>"; };
		1B0CAFAD27A19538007CF2FD /* ViewController.swift */ = {isa = PBXFileReference; lastKnownFileType = sourcecode.swift; path = ViewController.swift; sourceTree = "<group>"; };
		1B0CAFB027A19538007CF2FD /* Base */ = {isa = PBXFileReference; lastKnownFileType = file.storyboard; name = Base; path = Base.lproj/Main.storyboard; sourceTree = "<group>"; };
		1B0CAFB227A1953D007CF2FD /* Assets.xcassets */ = {isa = PBXFileReference; lastKnownFileType = folder.assetcatalog; path = Assets.xcassets; sourceTree = "<group>"; };
		1B0CAFB527A1953D007CF2FD /* Base */ = {isa = PBXFileReference; lastKnownFileType = file.storyboard; name = Base; path = Base.lproj/LaunchScreen.storyboard; sourceTree = "<group>"; };
		1B0CAFB727A1953D007CF2FD /* Info.plist */ = {isa = PBXFileReference; lastKnownFileType = text.plist.xml; path = Info.plist; sourceTree = "<group>"; };
		1B0CAFBD27A30394007CF2FD /* SendPostViewController.swift */ = {isa = PBXFileReference; lastKnownFileType = sourcecode.swift; path = SendPostViewController.swift; sourceTree = "<group>"; };
		1BBAD75527BA75840058DF7D /* FriendsListController.swift */ = {isa = PBXFileReference; lastKnownFileType = sourcecode.swift; path = FriendsListController.swift; sourceTree = "<group>"; };
		1BBAD75727BA931C0058DF7D /* FriendsXMLModel.swift */ = {isa = PBXFileReference; lastKnownFileType = sourcecode.swift; path = FriendsXMLModel.swift; sourceTree = "<group>"; };
		1BBAD75A27BC07880058DF7D /* Model.xcdatamodel */ = {isa = PBXFileReference; lastKnownFileType = wrapper.xcdatamodel; path = Model.xcdatamodel; sourceTree = "<group>"; };
		1BBAD75C27BC07C60058DF7D /* Friend+CoreDataProperties.swift */ = {isa = PBXFileReference; lastKnownFileType = sourcecode.swift; name = "Friend+CoreDataProperties.swift"; path = "/Users/artemsolohin/Desktop/Projects/LiruIos/LiruIos/LiruIos/Friend+CoreDataProperties.swift"; sourceTree = "<absolute>"; };
		1BBAD75D27BC07C60058DF7D /* Friend+CoreDataClass.swift */ = {isa = PBXFileReference; lastKnownFileType = sourcecode.swift; name = "Friend+CoreDataClass.swift"; path = "/Users/artemsolohin/Desktop/Projects/LiruIos/LiruIos/LiruIos/Friend+CoreDataClass.swift"; sourceTree = "<absolute>"; };
		1BFEC9BA27A5B896005C2FF5 /* URLQuery.swift */ = {isa = PBXFileReference; lastKnownFileType = sourcecode.swift; path = URLQuery.swift; sourceTree = "<group>"; };
		1BFEC9BC27A6D28A005C2FF5 /* PostViewController.swift */ = {isa = PBXFileReference; lastKnownFileType = sourcecode.swift; path = PostViewController.swift; sourceTree = "<group>"; };
		1BFEC9BE27B17E42005C2FF5 /* Constants.swift */ = {isa = PBXFileReference; lastKnownFileType = sourcecode.swift; path = Constants.swift; sourceTree = "<group>"; };
		5FED4D443EA5290655ACF078 /* Pods-LiruIos.debug.xcconfig */ = {isa = PBXFileReference; includeInIndex = 1; lastKnownFileType = text.xcconfig; name = "Pods-LiruIos.debug.xcconfig"; path = "Target Support Files/Pods-LiruIos/Pods-LiruIos.debug.xcconfig"; sourceTree = "<group>"; };
		E281FD087C203EBE2C7DD10B /* Pods-LiruIos.release.xcconfig */ = {isa = PBXFileReference; includeInIndex = 1; lastKnownFileType = text.xcconfig; name = "Pods-LiruIos.release.xcconfig"; path = "Target Support Files/Pods-LiruIos/Pods-LiruIos.release.xcconfig"; sourceTree = "<group>"; };
		F4A928515DB829D5100F7BE1 /* Pods_LiruIos.framework */ = {isa = PBXFileReference; explicitFileType = wrapper.framework; includeInIndex = 0; path = Pods_LiruIos.framework; sourceTree = BUILT_PRODUCTS_DIR; };
/* End PBXFileReference section */

/* Begin PBXFrameworksBuildPhase section */
		1B0CAFA327A19538007CF2FD /* Frameworks */ = {
			isa = PBXFrameworksBuildPhase;
			buildActionMask = 2147483647;
			files = (
				21F9B4B05F2F11099F96BCB5 /* Pods_LiruIos.framework in Frameworks */,
			);
			runOnlyForDeploymentPostprocessing = 0;
		};
/* End PBXFrameworksBuildPhase section */

/* Begin PBXGroup section */
		1B0CAF9D27A19538007CF2FD = {
			isa = PBXGroup;
			children = (
				1B0CAFA827A19538007CF2FD /* LiruIos */,
				1B0CAFA727A19538007CF2FD /* Products */,
				7A8AE7ABED97B262D0400F2C /* Pods */,
				50167A1C515AF086909B374E /* Frameworks */,
			);
			sourceTree = "<group>";
		};
		1B0CAFA727A19538007CF2FD /* Products */ = {
			isa = PBXGroup;
			children = (
				1B0CAFA627A19538007CF2FD /* LiruIos.app */,
			);
			name = Products;
			sourceTree = "<group>";
		};
		1B0CAFA827A19538007CF2FD /* LiruIos */ = {
			isa = PBXGroup;
			children = (
				1BBAD75D27BC07C60058DF7D /* Friend+CoreDataClass.swift */,
				1BBAD75C27BC07C60058DF7D /* Friend+CoreDataProperties.swift */,
				1B0CAFA927A19538007CF2FD /* AppDelegate.swift */,
				1B0CAFAB27A19538007CF2FD /* SceneDelegate.swift */,
				1B0CAFAD27A19538007CF2FD /* ViewController.swift */,
				1B0CAFAF27A19538007CF2FD /* Main.storyboard */,
				1B0CAFB227A1953D007CF2FD /* Assets.xcassets */,
				1B0CAFB427A1953D007CF2FD /* LaunchScreen.storyboard */,
				1B0CAFB727A1953D007CF2FD /* Info.plist */,
				1B0CAFBD27A30394007CF2FD /* SendPostViewController.swift */,
				1BFEC9BA27A5B896005C2FF5 /* URLQuery.swift */,
				1BFEC9BC27A6D28A005C2FF5 /* PostViewController.swift */,
				1BFEC9BE27B17E42005C2FF5 /* Constants.swift */,
				1BBAD75527BA75840058DF7D /* FriendsListController.swift */,
				1BBAD75727BA931C0058DF7D /* FriendsXMLModel.swift */,
				1BBAD75927BC07880058DF7D /* Model.xcdatamodeld */,
			);
			path = LiruIos;
			sourceTree = "<group>";
		};
		50167A1C515AF086909B374E /* Frameworks */ = {
			isa = PBXGroup;
			children = (
				F4A928515DB829D5100F7BE1 /* Pods_LiruIos.framework */,
			);
			name = Frameworks;
			sourceTree = "<group>";
		};
		7A8AE7ABED97B262D0400F2C /* Pods */ = {
			isa = PBXGroup;
			children = (
				5FED4D443EA5290655ACF078 /* Pods-LiruIos.debug.xcconfig */,
				E281FD087C203EBE2C7DD10B /* Pods-LiruIos.release.xcconfig */,
			);
			path = Pods;
			sourceTree = "<group>";
		};
/* End PBXGroup section */

/* Begin PBXNativeTarget section */
		1B0CAFA527A19538007CF2FD /* LiruIos */ = {
			isa = PBXNativeTarget;
			buildConfigurationList = 1B0CAFBA27A1953D007CF2FD /* Build configuration list for PBXNativeTarget "LiruIos" */;
			buildPhases = (
				2E20022AE941B56C508F20C1 /* [CP] Check Pods Manifest.lock */,
				1B0CAFA227A19538007CF2FD /* Sources */,
				1B0CAFA327A19538007CF2FD /* Frameworks */,
				1B0CAFA427A19538007CF2FD /* Resources */,
				E5C690A5700ED628E73E4F86 /* [CP] Embed Pods Frameworks */,
			);
			buildRules = (
			);
			dependencies = (
			);
			name = LiruIos;
			productName = LiruIos;
			productReference = 1B0CAFA627A19538007CF2FD /* LiruIos.app */;
			productType = "com.apple.product-type.application";
		};
/* End PBXNativeTarget section */

/* Begin PBXProject section */
		1B0CAF9E27A19538007CF2FD /* Project object */ = {
			isa = PBXProject;
			attributes = {
				BuildIndependentTargetsInParallel = 1;
				LastSwiftUpdateCheck = 1310;
				LastUpgradeCheck = 1310;
				TargetAttributes = {
					1B0CAFA527A19538007CF2FD = {
						CreatedOnToolsVersion = 13.1;
					};
				};
			};
			buildConfigurationList = 1B0CAFA127A19538007CF2FD /* Build configuration list for PBXProject "LiruIos" */;
			compatibilityVersion = "Xcode 13.0";
			developmentRegion = en;
			hasScannedForEncodings = 0;
			knownRegions = (
				en,
				Base,
			);
			mainGroup = 1B0CAF9D27A19538007CF2FD;
			productRefGroup = 1B0CAFA727A19538007CF2FD /* Products */;
			projectDirPath = "";
			projectRoot = "";
			targets = (
				1B0CAFA527A19538007CF2FD /* LiruIos */,
			);
		};
/* End PBXProject section */

/* Begin PBXResourcesBuildPhase section */
		1B0CAFA427A19538007CF2FD /* Resources */ = {
			isa = PBXResourcesBuildPhase;
			buildActionMask = 2147483647;
			files = (
				1B0CAFB627A1953D007CF2FD /* LaunchScreen.storyboard in Resources */,
				1B0CAFB327A1953D007CF2FD /* Assets.xcassets in Resources */,
				1B0CAFB127A19538007CF2FD /* Main.storyboard in Resources */,
			);
			runOnlyForDeploymentPostprocessing = 0;
		};
/* End PBXResourcesBuildPhase section */

/* Begin PBXShellScriptBuildPhase section */
		2E20022AE941B56C508F20C1 /* [CP] Check Pods Manifest.lock */ = {
			isa = PBXShellScriptBuildPhase;
			buildActionMask = 2147483647;
			files = (
			);
			inputFileListPaths = (
			);
			inputPaths = (
				"${PODS_PODFILE_DIR_PATH}/Podfile.lock",
				"${PODS_ROOT}/Manifest.lock",
			);
			name = "[CP] Check Pods Manifest.lock";
			outputFileListPaths = (
			);
			outputPaths = (
				"$(DERIVED_FILE_DIR)/Pods-LiruIos-checkManifestLockResult.txt",
			);
			runOnlyForDeploymentPostprocessing = 0;
			shellPath = /bin/sh;
			shellScript = "diff \"${PODS_PODFILE_DIR_PATH}/Podfile.lock\" \"${PODS_ROOT}/Manifest.lock\" > /dev/null\nif [ $? != 0 ] ; then\n    # print error to STDERR\n    echo \"error: The sandbox is not in sync with the Podfile.lock. Run 'pod install' or update your CocoaPods installation.\" >&2\n    exit 1\nfi\n# This output is used by Xcode 'outputs' to avoid re-running this script phase.\necho \"SUCCESS\" > \"${SCRIPT_OUTPUT_FILE_0}\"\n";
			showEnvVarsInLog = 0;
		};
		E5C690A5700ED628E73E4F86 /* [CP] Embed Pods Frameworks */ = {
			isa = PBXShellScriptBuildPhase;
			buildActionMask = 2147483647;
			files = (
			);
			inputFileListPaths = (
				"${PODS_ROOT}/Target Support Files/Pods-LiruIos/Pods-LiruIos-frameworks-${CONFIGURATION}-input-files.xcfilelist",
			);
			name = "[CP] Embed Pods Frameworks";
			outputFileListPaths = (
				"${PODS_ROOT}/Target Support Files/Pods-LiruIos/Pods-LiruIos-frameworks-${CONFIGURATION}-output-files.xcfilelist",
			);
			runOnlyForDeploymentPostprocessing = 0;
			shellPath = /bin/sh;
			shellScript = "\"${PODS_ROOT}/Target Support Files/Pods-LiruIos/Pods-LiruIos-frameworks.sh\"\n";
			showEnvVarsInLog = 0;
		};
/* End PBXShellScriptBuildPhase section */

/* Begin PBXSourcesBuildPhase section */
		1B0CAFA227A19538007CF2FD /* Sources */ = {
			isa = PBXSourcesBuildPhase;
			buildActionMask = 2147483647;
			files = (
				1BBAD75827BA931C0058DF7D /* FriendsXMLModel.swift in Sources */,
				1BBAD75F27BC07C60058DF7D /* Friend+CoreDataClass.swift in Sources */,
				1BFEC9BD27A6D28A005C2FF5 /* PostViewController.swift in Sources */,
				1BBAD75E27BC07C60058DF7D /* Friend+CoreDataProperties.swift in Sources */,
				1B0CAFAE27A19538007CF2FD /* ViewController.swift in Sources */,
				1B0CAFAA27A19538007CF2FD /* AppDelegate.swift in Sources */,
				1BBAD75627BA75840058DF7D /* FriendsListController.swift in Sources */,
				1B0CAFBE27A30394007CF2FD /* SendPostViewController.swift in Sources */,
				1BFEC9BF27B17E43005C2FF5 /* Constants.swift in Sources */,
				1BBAD75B27BC07880058DF7D /* Model.xcdatamodeld in Sources */,
				1B0CAFAC27A19538007CF2FD /* SceneDelegate.swift in Sources */,
				1BFEC9BB27A5B896005C2FF5 /* URLQuery.swift in Sources */,
			);
			runOnlyForDeploymentPostprocessing = 0;
		};
/* End PBXSourcesBuildPhase section */

/* Begin PBXVariantGroup section */
		1B0CAFAF27A19538007CF2FD /* Main.storyboard */ = {
			isa = PBXVariantGroup;
			children = (
				1B0CAFB027A19538007CF2FD /* Base */,
			);
			name = Main.storyboard;
			sourceTree = "<group>";
		};
		1B0CAFB427A1953D007CF2FD /* LaunchScreen.storyboard */ = {
			isa = PBXVariantGroup;
			children = (
				1B0CAFB527A1953D007CF2FD /* Base */,
			);
			name = LaunchScreen.storyboard;
			sourceTree = "<group>";
		};
/* End PBXVariantGroup section */

/* Begin XCBuildConfiguration section */
		1B0CAFB827A1953D007CF2FD /* Debug */ = {
			isa = XCBuildConfiguration;
			buildSettings = {
				ALWAYS_SEARCH_USER_PATHS = NO;
				CLANG_ANALYZER_NONNULL = YES;
				CLANG_ANALYZER_NUMBER_OBJECT_CONVERSION = YES_AGGRESSIVE;
				CLANG_CXX_LANGUAGE_STANDARD = "gnu++17";
				CLANG_CXX_LIBRARY = "libc++";
				CLANG_ENABLE_MODULES = YES;
				CLANG_ENABLE_OBJC_ARC = YES;
				CLANG_ENABLE_OBJC_WEAK = YES;
				CLANG_WARN_BLOCK_CAPTURE_AUTORELEASING = YES;
				CLANG_WARN_BOOL_CONVERSION = YES;
				CLANG_WARN_COMMA = YES;
				CLANG_WARN_CONSTANT_CONVERSION = YES;
				CLANG_WARN_DEPRECATED_OBJC_IMPLEMENTATIONS = YES;
				CLANG_WARN_DIRECT_OBJC_ISA_USAGE = YES_ERROR;
				CLANG_WARN_DOCUMENTATION_COMMENTS = YES;
				CLANG_WARN_EMPTY_BODY = YES;
				CLANG_WARN_ENUM_CONVERSION = YES;
				CLANG_WARN_INFINITE_RECURSION = YES;
				CLANG_WARN_INT_CONVERSION = YES;
				CLANG_WARN_NON_LITERAL_NULL_CONVERSION = YES;
				CLANG_WARN_OBJC_IMPLICIT_RETAIN_SELF = YES;
				CLANG_WARN_OBJC_LITERAL_CONVERSION = YES;
				CLANG_WARN_OBJC_ROOT_CLASS = YES_ERROR;
				CLANG_WARN_QUOTED_INCLUDE_IN_FRAMEWORK_HEADER = YES;
				CLANG_WARN_RANGE_LOOP_ANALYSIS = YES;
				CLANG_WARN_STRICT_PROTOTYPES = YES;
				CLANG_WARN_SUSPICIOUS_MOVE = YES;
				CLANG_WARN_UNGUARDED_AVAILABILITY = YES_AGGRESSIVE;
				CLANG_WARN_UNREACHABLE_CODE = YES;
				CLANG_WARN__DUPLICATE_METHOD_MATCH = YES;
				COPY_PHASE_STRIP = NO;
				DEBUG_INFORMATION_FORMAT = dwarf;
				ENABLE_STRICT_OBJC_MSGSEND = YES;
				ENABLE_TESTABILITY = YES;
				GCC_C_LANGUAGE_STANDARD = gnu11;
				GCC_DYNAMIC_NO_PIC = NO;
				GCC_NO_COMMON_BLOCKS = YES;
				GCC_OPTIMIZATION_LEVEL = 0;
				GCC_PREPROCESSOR_DEFINITIONS = (
					"DEBUG=1",
					"$(inherited)",
				);
				GCC_WARN_64_TO_32_BIT_CONVERSION = YES;
				GCC_WARN_ABOUT_RETURN_TYPE = YES_ERROR;
				GCC_WARN_UNDECLARED_SELECTOR = YES;
				GCC_WARN_UNINITIALIZED_AUTOS = YES_AGGRESSIVE;
				GCC_WARN_UNUSED_FUNCTION = YES;
				GCC_WARN_UNUSED_VARIABLE = YES;
				IPHONEOS_DEPLOYMENT_TARGET = 15.0;
				MTL_ENABLE_DEBUG_INFO = INCLUDE_SOURCE;
				MTL_FAST_MATH = YES;
				ONLY_ACTIVE_ARCH = YES;
				SDKROOT = iphoneos;
				SWIFT_ACTIVE_COMPILATION_CONDITIONS = DEBUG;
				SWIFT_OPTIMIZATION_LEVEL = "-Onone";
			};
			name = Debug;
		};
		1B0CAFB927A1953D007CF2FD /* Release */ = {
			isa = XCBuildConfiguration;
			buildSettings = {
				ALWAYS_SEARCH_USER_PATHS = NO;
				CLANG_ANALYZER_NONNULL = YES;
				CLANG_ANALYZER_NUMBER_OBJECT_CONVERSION = YES_AGGRESSIVE;
				CLANG_CXX_LANGUAGE_STANDARD = "gnu++17";
				CLANG_CXX_LIBRARY = "libc++";
				CLANG_ENABLE_MODULES = YES;
				CLANG_ENABLE_OBJC_ARC = YES;
				CLANG_ENABLE_OBJC_WEAK = YES;
				CLANG_WARN_BLOCK_CAPTURE_AUTORELEASING = YES;
				CLANG_WARN_BOOL_CONVERSION = YES;
				CLANG_WARN_COMMA = YES;
				CLANG_WARN_CONSTANT_CONVERSION = YES;
				CLANG_WARN_DEPRECATED_OBJC_IMPLEMENTATIONS = YES;
				CLANG_WARN_DIRECT_OBJC_ISA_USAGE = YES_ERROR;
				CLANG_WARN_DOCUMENTATION_COMMENTS = YES;
				CLANG_WARN_EMPTY_BODY = YES;
				CLANG_WARN_ENUM_CONVERSION = YES;
				CLANG_WARN_INFINITE_RECURSION = YES;
				CLANG_WARN_INT_CONVERSION = YES;
				CLANG_WARN_NON_LITERAL_NULL_CONVERSION = YES;
				CLANG_WARN_OBJC_IMPLICIT_RETAIN_SELF = YES;
				CLANG_WARN_OBJC_LITERAL_CONVERSION = YES;
				CLANG_WARN_OBJC_ROOT_CLASS = YES_ERROR;
				CLANG_WARN_QUOTED_INCLUDE_IN_FRAMEWORK_HEADER = YES;
				CLANG_WARN_RANGE_LOOP_ANALYSIS = YES;
				CLANG_WARN_STRICT_PROTOTYPES = YES;
				CLANG_WARN_SUSPICIOUS_MOVE = YES;
				CLANG_WARN_UNGUARDED_AVAILABILITY = YES_AGGRESSIVE;
				CLANG_WARN_UNREACHABLE_CODE = YES;
				CLANG_WARN__DUPLICATE_METHOD_MATCH = YES;
				COPY_PHASE_STRIP = NO;
				DEBUG_INFORMATION_FORMAT = "dwarf-with-dsym";
				ENABLE_NS_ASSERTIONS = NO;
				ENABLE_STRICT_OBJC_MSGSEND = YES;
				GCC_C_LANGUAGE_STANDARD = gnu11;
				GCC_NO_COMMON_BLOCKS = YES;
				GCC_WARN_64_TO_32_BIT_CONVERSION = YES;
				GCC_WARN_ABOUT_RETURN_TYPE = YES_ERROR;
				GCC_WARN_UNDECLARED_SELECTOR = YES;
				GCC_WARN_UNINITIALIZED_AUTOS = YES_AGGRESSIVE;
				GCC_WARN_UNUSED_FUNCTION = YES;
				GCC_WARN_UNUSED_VARIABLE = YES;
				IPHONEOS_DEPLOYMENT_TARGET = 15.0;
				MTL_ENABLE_DEBUG_INFO = NO;
				MTL_FAST_MATH = YES;
				SDKROOT = iphoneos;
				SWIFT_COMPILATION_MODE = wholemodule;
				SWIFT_OPTIMIZATION_LEVEL = "-O";
				VALIDATE_PRODUCT = YES;
			};
			name = Release;
		};
		1B0CAFBB27A1953D007CF2FD /* Debug */ = {
			isa = XCBuildConfiguration;
			baseConfigurationReference = 5FED4D443EA5290655ACF078 /* Pods-LiruIos.debug.xcconfig */;
			buildSettings = {
				ASSETCATALOG_COMPILER_APPICON_NAME = AppIcon;
				ASSETCATALOG_COMPILER_GLOBAL_ACCENT_COLOR_NAME = AccentColor;
				CODE_SIGN_STYLE = Automatic;
				CURRENT_PROJECT_VERSION = 1;
				GENERATE_INFOPLIST_FILE = YES;
				INFOPLIST_FILE = LiruIos/Info.plist;
				INFOPLIST_KEY_UIApplicationSupportsIndirectInputEvents = YES;
				INFOPLIST_KEY_UILaunchStoryboardName = LaunchScreen;
				INFOPLIST_KEY_UIMainStoryboardFile = Main;
				INFOPLIST_KEY_UISupportedInterfaceOrientations_iPad = "UIInterfaceOrientationPortrait UIInterfaceOrientationPortraitUpsideDown UIInterfaceOrientationLandscapeLeft UIInterfaceOrientationLandscapeRight";
				INFOPLIST_KEY_UISupportedInterfaceOrientations_iPhone = "UIInterfaceOrientationPortrait UIInterfaceOrientationLandscapeLeft UIInterfaceOrientationLandscapeRight";
				LD_RUNPATH_SEARCH_PATHS = (
					"$(inherited)",
					"@executable_path/Frameworks",
				);
				MARKETING_VERSION = 1.0;
				PRODUCT_BUNDLE_IDENTIFIER = com.chizztectep.ru.LiruIos;
				PRODUCT_NAME = "$(TARGET_NAME)";
				SWIFT_EMIT_LOC_STRINGS = YES;
				SWIFT_VERSION = 5.0;
				TARGETED_DEVICE_FAMILY = "1,2";
			};
			name = Debug;
		};
		1B0CAFBC27A1953D007CF2FD /* Release */ = {
			isa = XCBuildConfiguration;
			baseConfigurationReference = E281FD087C203EBE2C7DD10B /* Pods-LiruIos.release.xcconfig */;
			buildSettings = {
				ASSETCATALOG_COMPILER_APPICON_NAME = AppIcon;
				ASSETCATALOG_COMPILER_GLOBAL_ACCENT_COLOR_NAME = AccentColor;
				CODE_SIGN_STYLE = Automatic;
				CURRENT_PROJECT_VERSION = 1;
				GENERATE_INFOPLIST_FILE = YES;
				INFOPLIST_FILE = LiruIos/Info.plist;
				INFOPLIST_KEY_UIApplicationSupportsIndirectInputEvents = YES;
				INFOPLIST_KEY_UILaunchStoryboardName = LaunchScreen;
				INFOPLIST_KEY_UIMainStoryboardFile = Main;
				INFOPLIST_KEY_UISupportedInterfaceOrientations_iPad = "UIInterfaceOrientationPortrait UIInterfaceOrientationPortraitUpsideDown UIInterfaceOrientationLandscapeLeft UIInterfaceOrientationLandscapeRight";
				INFOPLIST_KEY_UISupportedInterfaceOrientations_iPhone = "UIInterfaceOrientationPortrait UIInterfaceOrientationLandscapeLeft UIInterfaceOrientationLandscapeRight";
				LD_RUNPATH_SEARCH_PATHS = (
					"$(inherited)",
					"@executable_path/Frameworks",
				);
				MARKETING_VERSION = 1.0;
				PRODUCT_BUNDLE_IDENTIFIER = com.chizztectep.ru.LiruIos;
				PRODUCT_NAME = "$(TARGET_NAME)";
				SWIFT_EMIT_LOC_STRINGS = YES;
				SWIFT_VERSION = 5.0;
				TARGETED_DEVICE_FAMILY = "1,2";
			};
			name = Release;
		};
/* End XCBuildConfiguration section */

/* Begin XCConfigurationList section */
		1B0CAFA127A19538007CF2FD /* Build configuration list for PBXProject "LiruIos" */ = {
			isa = XCConfigurationList;
			buildConfigurations = (
				1B0CAFB827A1953D007CF2FD /* Debug */,
				1B0CAFB927A1953D007CF2FD /* Release */,
			);
			defaultConfigurationIsVisible = 0;
			defaultConfigurationName = Release;
		};
		1B0CAFBA27A1953D007CF2FD /* Build configuration list for PBXNativeTarget "LiruIos" */ = {
			isa = XCConfigurationList;
			buildConfigurations = (
				1B0CAFBB27A1953D007CF2FD /* Debug */,
				1B0CAFBC27A1953D007CF2FD /* Release */,
			);
			defaultConfigurationIsVisible = 0;
			defaultConfigurationName = Release;
		};
/* End XCConfigurationList section */

/* Begin XCVersionGroup section */
		1BBAD75927BC07880058DF7D /* Model.xcdatamodeld */ = {
			isa = XCVersionGroup;
			children = (
				1BBAD75A27BC07880058DF7D /* Model.xcdatamodel */,
			);
			currentVersion = 1BBAD75A27BC07880058DF7D /* Model.xcdatamodel */;
			path = Model.xcdatamodeld;
			sourceTree = "<group>";
			versionGroupType = wrapper.xcdatamodel;
		};
/* End XCVersionGroup section */
	};
	rootObject = 1B0CAF9E27A19538007CF2FD /* Project object */;
}
